
Microsoft Visual Studio Solution File, Format Version 12.00
# Visual Studio Version 17
VisualStudioVersion = 17.10.34928.147
MinimumVisualStudioVersion = 10.0.40219.1
Project("{FAE04EC0-301F-11D3-BF4B-00C04F79EFBC}") = "TaskManagement", "TaskManagement\TaskManagement.csproj", "{00D22E46-FE33-48E1-B63E-A4323576A7BB}"
EndProject
Global
	GlobalSection(SolutionConfigurationPlatforms) = preSolution
		Debug|Any CPU = Debug|Any CPU
		Release|Any CPU = Release|Any CPU
	EndGlobalSection
	GlobalSection(ProjectConfigurationPlatforms) = postSolution
		{00D22E46-FE33-48E1-B63E-A4323576A7BB}.Debug|Any CPU.ActiveCfg = Debug|Any CPU
		{00D22E46-FE33-48E1-B63E-A4323576A7BB}.Debug|Any CPU.Build.0 = Debug|Any CPU
		{00D22E46-FE33-48E1-B63E-A4323576A7BB}.Release|Any CPU.ActiveCfg = Release|Any CPU
		{00D22E46-FE33-48E1-B63E-A4323576A7BB}.Release|Any CPU.Build.0 = Release|Any CPU
	EndGlobalSection
	GlobalSection(SolutionProperties) = preSolution
		HideSolutionNode = FALSE
	EndGlobalSection
	GlobalSection(ExtensibilityGlobals) = postSolution
		SolutionGuid = {F5E95F89-1443-4AA1-BB06-C8FC1F722BA4}
	EndGlobalSection
EndGlobal
